
Microsoft Visual Studio Solution File, Format Version 12.00
# Visual Studio Version 16
VisualStudioVersion = 16.0.30413.136
MinimumVisualStudioVersion = 10.0.40219.1
Project("{FAE04EC0-301F-11D3-BF4B-00C04F79EFBC}") = "ReviewMLBlazorApp", "ReviewMLBlazorApp.csproj", "{77FBFF9D-793E-4E14-A67A-6516D6A25196}"
EndProject
Project("{9A19103F-16F7-4668-BE54-9A1E7A4F7556}") = "ReviewMLBlazorAppML.Model", "..\ReviewMLBlazorAppML.Model\ReviewMLBlazorAppML.Model.csproj", "{3C5C2E8C-7E88-457C-AE0B-6A866A35CE1B}"
EndProject
Project("{9A19103F-16F7-4668-BE54-9A1E7A4F7556}") = "ReviewMLBlazorAppML.ConsoleApp", "..\ReviewMLBlazorAppML.ConsoleApp\ReviewMLBlazorAppML.ConsoleApp.csproj", "{D98B0352-FCA5-4441-8019-9F78BD2C687F}"
EndProject
Global
	GlobalSection(SolutionConfigurationPlatforms) = preSolution
		Debug|Any CPU = Debug|Any CPU
		Release|Any CPU = Release|Any CPU
	EndGlobalSection
	GlobalSection(ProjectConfigurationPlatforms) = postSolution
		{77FBFF9D-793E-4E14-A67A-6516D6A25196}.Debug|Any CPU.ActiveCfg = Debug|Any CPU
		{77FBFF9D-793E-4E14-A67A-6516D6A25196}.Debug|Any CPU.Build.0 = Debug|Any CPU
		{77FBFF9D-793E-4E14-A67A-6516D6A25196}.Release|Any CPU.ActiveCfg = Release|Any CPU
		{77FBFF9D-793E-4E14-A67A-6516D6A25196}.Release|Any CPU.Build.0 = Release|Any CPU
		{3C5C2E8C-7E88-457C-AE0B-6A866A35CE1B}.Debug|Any CPU.ActiveCfg = Debug|Any CPU
		{3C5C2E8C-7E88-457C-AE0B-6A866A35CE1B}.Debug|Any CPU.Build.0 = Debug|Any CPU
		{3C5C2E8C-7E88-457C-AE0B-6A866A35CE1B}.Release|Any CPU.ActiveCfg = Release|Any CPU
		{3C5C2E8C-7E88-457C-AE0B-6A866A35CE1B}.Release|Any CPU.Build.0 = Release|Any CPU
		{D98B0352-FCA5-4441-8019-9F78BD2C687F}.Debug|Any CPU.ActiveCfg = Debug|Any CPU
		{D98B0352-FCA5-4441-8019-9F78BD2C687F}.Debug|Any CPU.Build.0 = Debug|Any CPU
		{D98B0352-FCA5-4441-8019-9F78BD2C687F}.Release|Any CPU.ActiveCfg = Release|Any CPU
		{D98B0352-FCA5-4441-8019-9F78BD2C687F}.Release|Any CPU.Build.0 = Release|Any CPU
	EndGlobalSection
	GlobalSection(SolutionProperties) = preSolution
		HideSolutionNode = FALSE
	EndGlobalSection
	GlobalSection(ExtensibilityGlobals) = postSolution
		SolutionGuid = {45BB0932-7DDB-44F4-83D7-C1EB2877B99B}
	EndGlobalSection
EndGlobal
